# This file is automatically @generated by Cargo.
# It is not intended for manual editing.
version = 4

[[package]]
name = "blog-cli"
version = "0.1.0"

[[package]]
name = "blog-client"
version = "0.1.0"

[[package]]
name = "blog-proto"
version = "0.1.0"

[[package]]
name = "blog-server"
version = "0.1.0"

[[package]]
name = "blog-wasm"
version = "0.1.0"
